{
  "name": "iobroker.heatingcontrol",
  "version": "2.0.0 alpha",
  "lockfileVersion": 1,
  "requires": true,
  "dependencies": {
    "@sentry/core": {
      "version": "5.29.0",
      "resolved": "https://registry.npmjs.org/@sentry/core/-/core-5.29.0.tgz",
      "integrity": "sha512-a1sZBJ2u3NG0YDlGvOTwUCWiNjhfmDtAQiKK1o6RIIbcrWy9TlSps7CYDkBP239Y3A4pnvohjEEKEP3v3L3LZQ==",
      "requires": {
        "@sentry/hub": "5.29.0",
        "@sentry/minimal": "5.29.0",
        "@sentry/types": "5.29.0",
        "@sentry/utils": "5.29.0",
        "tslib": "^1.9.3"
      }
    },
    "@sentry/hub": {
      "version": "5.29.0",
      "resolved": "https://registry.npmjs.org/@sentry/hub/-/hub-5.29.0.tgz",
      "integrity": "sha512-kcDPQsRG4cFdmqDh+TzjeO7lWYxU8s1dZYAbbl1J4uGKmhNB0J7I4ak4SGwTsXLY6fhbierxr6PRaoNojCxjPw==",
      "requires": {
        "@sentry/types": "5.29.0",
        "@sentry/utils": "5.29.0",
        "tslib": "^1.9.3"
      }
    },
    "@sentry/minimal": {
      "version": "5.29.0",
      "resolved": "https://registry.npmjs.org/@sentry/minimal/-/minimal-5.29.0.tgz",
      "integrity": "sha512-nhXofdjtO41/caiF1wk1oT3p/QuhOZDYdF/b29DoD2MiAMK9IjhhOXI/gqaRpDKkXlDvd95fDTcx4t/MqqcKXA==",
      "requires": {
        "@sentry/hub": "5.29.0",
        "@sentry/types": "5.29.0",
        "tslib": "^1.9.3"
      }
    },
    "@sentry/node": {
      "version": "5.29.0",
      "resolved": "https://registry.npmjs.org/@sentry/node/-/node-5.29.0.tgz",
      "integrity": "sha512-Jp32FsfkFSGVf81Hr26rGlgIwTg7Nx07mQ7rrnNuVasu6vD2aWBzUnohkkZDJ4gZRGjmk0MthukjX0RivDKcVQ==",
      "requires": {
        "@sentry/core": "5.29.0",
        "@sentry/hub": "5.29.0",
        "@sentry/tracing": "5.29.0",
        "@sentry/types": "5.29.0",
        "@sentry/utils": "5.29.0",
        "cookie": "^0.4.1",
        "https-proxy-agent": "^5.0.0",
        "lru_map": "^0.3.3",
        "tslib": "^1.9.3"
      }
    },
    "@sentry/tracing": {
      "version": "5.29.0",
      "resolved": "https://registry.npmjs.org/@sentry/tracing/-/tracing-5.29.0.tgz",
      "integrity": "sha512-2ZITUH7Eur7IkmRAd5gw8Xt2Sfc28btCnT7o2P2J8ZPD65e99ATqjxXPokx0+6zEkTsstIDD3mbyuwkpbuvuTA==",
      "requires": {
        "@sentry/hub": "5.29.0",
        "@sentry/minimal": "5.29.0",
        "@sentry/types": "5.29.0",
        "@sentry/utils": "5.29.0",
        "tslib": "^1.9.3"
      }
    },
    "@sentry/types": {
      "version": "5.29.0",
      "resolved": "https://registry.npmjs.org/@sentry/types/-/types-5.29.0.tgz",
      "integrity": "sha512-iDkxT/9sT3UF+Xb+JyLjZ5caMXsgLfRyV9VXQEiR2J6mgpMielj184d9jeF3bm/VMuAf/VFFqrHlcVsVgmrrMw=="
    },
    "@sentry/utils": {
      "version": "5.29.0",
      "resolved": "https://registry.npmjs.org/@sentry/utils/-/utils-5.29.0.tgz",
      "integrity": "sha512-b2B1gshw2u3EHlAi84PuI5sfmLKXW1z9enMMhNuuNT/CoRp+g5kMAcUv/qYTws7UNnYSvTuVGuZG30v1e0hP9A==",
      "requires": {
        "@sentry/types": "5.29.0",
        "tslib": "^1.9.3"
      }
    },
    "agent-base": {
      "version": "6.0.2",
      "resolved": "https://registry.npmjs.org/agent-base/-/agent-base-6.0.2.tgz",
      "integrity": "sha512-RZNwNclF7+MS/8bDg70amg32dyeZGZxiDuQmZxKLAlQjr3jGyLx+4Kkk58UO7D2QdgFIQCovuSuZESne6RG6XQ==",
      "requires": {
        "debug": "4"
      }
    },
    "cookie": {
      "version": "0.4.1",
      "resolved": "https://registry.npmjs.org/cookie/-/cookie-0.4.1.tgz",
      "integrity": "sha512-ZwrFkGJxUR3EIoXtO+yVE69Eb7KlixbaeAWfBQB9vVsNn/o+Yw69gBWSSDK825hQNdN+wF8zELf3dFNl/kxkUA=="
    },
    "debug": {
      "version": "4.3.1",
      "resolved": "https://registry.npmjs.org/debug/-/debug-4.3.1.tgz",
      "integrity": "sha512-doEwdvm4PCeK4K3RQN2ZC2BYUBaxwLARCqZmMjtF8a51J2Rb0xpVloFRnCODwqjpwnAoao4pelN8l3RJdv3gRQ==",
      "requires": {
        "ms": "2.1.2"
      }
    },
    "https-proxy-agent": {
      "version": "5.0.0",
      "resolved": "https://registry.npmjs.org/https-proxy-agent/-/https-proxy-agent-5.0.0.tgz",
      "integrity": "sha512-EkYm5BcKUGiduxzSt3Eppko+PiNWNEpa4ySk9vTC6wDsQJW9rHSa+UhGNJoRYp7bz6Ht1eaRIa6QaJqO5rCFbA==",
      "requires": {
        "agent-base": "6",
        "debug": "4"
      }
    },
    "lru_map": {
      "version": "0.3.3",
      "resolved": "https://registry.npmjs.org/lru_map/-/lru_map-0.3.3.tgz",
      "integrity": "sha1-tcg1G5Rky9dQM1p5ZQoOwOVhGN0="
    },
    "ms": {
      "version": "2.1.2",
      "resolved": "https://registry.npmjs.org/ms/-/ms-2.1.2.tgz",
      "integrity": "sha512-sGkPx+VjMtmA6MX27oA4FBFELFCZZ4S4XqeGOXCv68tT+jb3vk/RyaKWP0PTKyWtmLSM0b+adUTEvbs1PEaH2w=="
    },
    "tslib": {
      "version": "1.14.1",
      "resolved": "https://registry.npmjs.org/tslib/-/tslib-1.14.1.tgz",
      "integrity": "sha512-Xni35NKzjgMrwevysHTCArtLDpPvye8zV/0E4EyYn43P7/7qvQwPh9BGkHewbMulVntbigmcT7rdX3BNo9wRJg=="
    }
  }
}
